github.com/gorilla/mux v1.8.0 h1:i40aqfkR1h2SlN9hojwV5ZA91wcXFOvkdNIeFDP5koI=
github.com/gorilla/mux v1.8.0/go.mod h1:DVbg23sWSpFRCP0SfiEN6jmj59UnW/n46BH5rLB71So=
runtime.link v0.0.0-20240409064220-f1d475fac32d h1:Qo0wNmxq10mFmsktofw7Pw50FK0jVmWAYSK0sYLL+Vk=
runtime.link v0.0.0-20240409064220-f1d475fac32d/go.mod h1:FmhED1a2pghGm3hqbiieLDDgqq5kI+ZMiQr6rxu0jc8=
